
Microsoft Visual Studio Solution File, Format Version 12.00
# Visual Studio Version 17
VisualStudioVersion = 17.8.34330.188
MinimumVisualStudioVersion = 10.0.40219.1
Project("{FAE04EC0-301F-11D3-BF4B-00C04F79EFBC}") = "eTickets", "eTickets.csproj", "{4F80C8F9-8A08-4F5C-9830-4C8734A7EFA8}"
EndProject
Global
	GlobalSection(SolutionConfigurationPlatforms) = preSolution
		Debug|Any CPU = Debug|Any CPU
		Release|Any CPU = Release|Any CPU
	EndGlobalSection
	GlobalSection(ProjectConfigurationPlatforms) = postSolution
		{4F80C8F9-8A08-4F5C-9830-4C8734A7EFA8}.Debug|Any CPU.ActiveCfg = Debug|Any CPU
		{4F80C8F9-8A08-4F5C-9830-4C8734A7EFA8}.Debug|Any CPU.Build.0 = Debug|Any CPU
		{4F80C8F9-8A08-4F5C-9830-4C8734A7EFA8}.Release|Any CPU.ActiveCfg = Release|Any CPU
		{4F80C8F9-8A08-4F5C-9830-4C8734A7EFA8}.Release|Any CPU.Build.0 = Release|Any CPU
	EndGlobalSection
	GlobalSection(SolutionProperties) = preSolution
		HideSolutionNode = FALSE
	EndGlobalSection
	GlobalSection(ExtensibilityGlobals) = postSolution
		SolutionGuid = {4ACD465B-AAED-4D18-82D1-8AF4FCED4025}
	EndGlobalSection
EndGlobal
